
Microsoft Visual Studio Solution File, Format Version 12.00
# Visual Studio Version 17
VisualStudioVersion = 17.11.35312.102
MinimumVisualStudioVersion = 10.0.40219.1
Project("{8BC9CEB8-8B4A-11D0-8D11-00A0C91BC942}") = "LearnCuda", "LearnCuda.vcxproj", "{D414FAF1-2AB6-4E4E-9236-B5AC6E23CF4A}"
EndProject
Global
	GlobalSection(SolutionConfigurationPlatforms) = preSolution
		Debug|x64 = Debug|x64
		Release|x64 = Release|x64
	EndGlobalSection
	GlobalSection(ProjectConfigurationPlatforms) = postSolution
		{D414FAF1-2AB6-4E4E-9236-B5AC6E23CF4A}.Debug|x64.ActiveCfg = Debug|x64
		{D414FAF1-2AB6-4E4E-9236-B5AC6E23CF4A}.Debug|x64.Build.0 = Debug|x64
		{D414FAF1-2AB6-4E4E-9236-B5AC6E23CF4A}.Release|x64.ActiveCfg = Release|x64
		{D414FAF1-2AB6-4E4E-9236-B5AC6E23CF4A}.Release|x64.Build.0 = Release|x64
	EndGlobalSection
	GlobalSection(SolutionProperties) = preSolution
		HideSolutionNode = FALSE
	EndGlobalSection
	GlobalSection(ExtensibilityGlobals) = postSolution
		SolutionGuid = {3A152BF8-C063-4E81-AC8C-65E8CE8C2F18}
	EndGlobalSection
EndGlobal
